
Microsoft Visual Studio Solution File, Format Version 12.00
# Visual Studio Version 17
VisualStudioVersion = 17.7.34031.279
MinimumVisualStudioVersion = 10.0.40219.1
Project("{FAE04EC0-301F-11D3-BF4B-00C04F79EFBC}") = "Stack", "Stack.csproj", "{1AFE74A4-B7FE-4160-818B-FFB73D7583E4}"
EndProject
Global
	GlobalSection(SolutionConfigurationPlatforms) = preSolution
		Debug|Any CPU = Debug|Any CPU
		Release|Any CPU = Release|Any CPU
	EndGlobalSection
	GlobalSection(ProjectConfigurationPlatforms) = postSolution
		{1AFE74A4-B7FE-4160-818B-FFB73D7583E4}.Debug|Any CPU.ActiveCfg = Debug|Any CPU
		{1AFE74A4-B7FE-4160-818B-FFB73D7583E4}.Debug|Any CPU.Build.0 = Debug|Any CPU
		{1AFE74A4-B7FE-4160-818B-FFB73D7583E4}.Release|Any CPU.ActiveCfg = Release|Any CPU
		{1AFE74A4-B7FE-4160-818B-FFB73D7583E4}.Release|Any CPU.Build.0 = Release|Any CPU
	EndGlobalSection
	GlobalSection(SolutionProperties) = preSolution
		HideSolutionNode = FALSE
	EndGlobalSection
	GlobalSection(ExtensibilityGlobals) = postSolution
		SolutionGuid = {AA907627-6233-4DA3-851C-1B2F7F2FB2A7}
	EndGlobalSection
EndGlobal
